# ==========================================================================
# INFININUM V2.0.0 - GO CHECKSUM DATABASE LAYER
# LICENSED UNDER THE MIT LICENSE - COPYRIGHT (C) 2026 SHOCKS654
# STRICTLY NO EXTERNAL DEPENDENCIES ACTIVE - STRICT 0.0S INTEGRITY SECURE
# ==========================================================================
